
Microsoft Visual Studio Solution File, Format Version 12.00
# Visual Studio Version 16
VisualStudioVersion = 16.0.29209.152
MinimumVisualStudioVersion = 10.0.40219.1
Project("{FAE04EC0-301F-11D3-BF4B-00C04F79EFBC}") = "ConsoleApp5", "ConsoleApp5\ConsoleApp5.csproj", "{1799DE67-548D-403B-817D-065D951912AD}"
EndProject
Global
	GlobalSection(SolutionConfigurationPlatforms) = preSolution
		Debug|Any CPU = Debug|Any CPU
		Release|Any CPU = Release|Any CPU
	EndGlobalSection
	GlobalSection(ProjectConfigurationPlatforms) = postSolution
		{1799DE67-548D-403B-817D-065D951912AD}.Debug|Any CPU.ActiveCfg = Debug|Any CPU
		{1799DE67-548D-403B-817D-065D951912AD}.Debug|Any CPU.Build.0 = Debug|Any CPU
		{1799DE67-548D-403B-817D-065D951912AD}.Release|Any CPU.ActiveCfg = Release|Any CPU
		{1799DE67-548D-403B-817D-065D951912AD}.Release|Any CPU.Build.0 = Release|Any CPU
	EndGlobalSection
	GlobalSection(SolutionProperties) = preSolution
		HideSolutionNode = FALSE
	EndGlobalSection
	GlobalSection(ExtensibilityGlobals) = postSolution
		SolutionGuid = {98E18719-5C2E-4B4A-844A-B01088E973A5}
	EndGlobalSection
EndGlobal
